
Microsoft Visual Studio Solution File, Format Version 12.00
# Visual Studio Version 17
VisualStudioVersion = 17.5.002.0
MinimumVisualStudioVersion = 10.0.40219.1
Project("{9A19103F-16F7-4668-BE54-9A1E7A4F7556}") = "Classifieds.Web", "Classifieds.Web.csproj", "{C29DE06F-EDA6-422F-8D66-9EF3E61991D0}"
EndProject
Global
	GlobalSection(SolutionConfigurationPlatforms) = preSolution
		Debug|Any CPU = Debug|Any CPU
		Release|Any CPU = Release|Any CPU
	EndGlobalSection
	GlobalSection(ProjectConfigurationPlatforms) = postSolution
		{C29DE06F-EDA6-422F-8D66-9EF3E61991D0}.Debug|Any CPU.ActiveCfg = Debug|Any CPU
		{C29DE06F-EDA6-422F-8D66-9EF3E61991D0}.Debug|Any CPU.Build.0 = Debug|Any CPU
		{C29DE06F-EDA6-422F-8D66-9EF3E61991D0}.Release|Any CPU.ActiveCfg = Release|Any CPU
		{C29DE06F-EDA6-422F-8D66-9EF3E61991D0}.Release|Any CPU.Build.0 = Release|Any CPU
	EndGlobalSection
	GlobalSection(SolutionProperties) = preSolution
		HideSolutionNode = FALSE
	EndGlobalSection
	GlobalSection(ExtensibilityGlobals) = postSolution
		SolutionGuid = {54DB2C5D-7018-4ECA-80D5-5309FD138EE4}
	EndGlobalSection
EndGlobal
